// !$*UTF8*$!
{
	archiveVersion = 1;
	classes = {
	};
	objectVersion = 46;
	objects = {

/* Begin PBXBuildFile section */
		4CD4D9DA1B917D9200637FB4 /* AppDelegate.swift in Sources */ = {isa = PBXBuildFile; fileRef = 4CD4D9D91B917D9200637FB4 /* AppDelegate.swift */; };
		4CD4D9DC1B917D9200637FB4 /* ViewController.swift in Sources */ = {isa = PBXBuildFile; fileRef = 4CD4D9DB1B917D9200637FB4 /* ViewController.swift */; };
		4CD4D9DF1B917D9200637FB4 /* Main.storyboard in Resources */ = {isa = PBXBuildFile; fileRef = 4CD4D9DD1B917D9200637FB4 /* Main.storyboard */; };
		4CD4D9E11B917D9300637FB4 /* Assets.xcassets in Resources */ = {isa = PBXBuildFile; fileRef = 4CD4D9E01B917D9300637FB4 /* Assets.xcassets */; };
		4CD4D9E41B917D9300637FB4 /* LaunchScreen.storyboard in Resources */ = {isa = PBXBuildFile; fileRef = 4CD4D9E21B917D9300637FB4 /* LaunchScreen.storyboard */; };
/* End PBXBuildFile section */

/* Begin PBXFileReference section */
		4CD4D9D61B917D9200637FB4 /* Is Prime.app */ = {isa = PBXFileReference; explicitFileType = wrapper.application; includeInIndex = 0; path = "Is Prime.app"; sourceTree = BUILT_PRODUCTS_DIR; };
		4CD4D9D91B917D9200637FB4 /* AppDelegate.swift */ = {isa = PBXFileReference; lastKnownFileType = sourcecode.swift; path = AppDelegate.swift; sourceTree = "<group>"; };
		4CD4D9DB1B917D9200637FB4 /* ViewController.swift */ = {isa = PBXFileReference; lastKnownFileType = sourcecode.swift; path = ViewController.swift; sourceTree = "<group>"; };
		4CD4D9DE1B917D9200637FB4 /* Base */ = {isa = PBXFileReference; lastKnownFileType = file.storyboard; name = Base; path = Base.lproj/Main.storyboard; sourceTree = "<group>"; };
		4CD4D9E01B917D9300637FB4 /* Assets.xcassets */ = {isa = PBXFileReference; lastKnownFileType = folder.assetcatalog; path = Assets.xcassets; sourceTree = "<group>"; };
		4CD4D9E31B917D9300637FB4 /* Base */ = {isa = PBXFileReference; lastKnownFileType = file.storyboard; name = Base; path = Base.lproj/LaunchScreen.storyboard; sourceTree = "<group>"; };
		4CD4D9E51B917D9300637FB4 /* Info.plist */ = {isa = PBXFileReference; lastKnownFileType = text.plist.xml; path = Info.plist; sourceTree = "<group>"; };
/* End PBXFileReference section */

/* Begin PBXFrameworksBuildPhase section */
		4CD4D9D31B917D9200637FB4 /* Frameworks */ = {
			isa = PBXFrameworksBuildPhase;
			buildActionMask = 2147483647;
			files = (
			);
			runOnlyForDeploymentPostprocessing = 0;
		};
/* End PBXFrameworksBuildPhase section */

/* Begin PBXGroup section */
		4CD4D9CD1B917D9200637FB4 = {
			isa = PBXGroup;
			children = (
				4CD4D9D81B917D9200637FB4 /* Is Prime */,
				4CD4D9D71B917D9200637FB4 /* Products */,
			);
			sourceTree = "<group>";
		};
		4CD4D9D71B917D9200637FB4 /* Products */ = {
			isa = PBXGroup;
			children = (
				4CD4D9D61B917D9200637FB4 /* Is Prime.app */,
			);
			name = Products;
			sourceTree = "<group>";
		};
		4CD4D9D81B917D9200637FB4 /* Is Prime */ = {
			isa = PBXGroup;
			children = (
				4CD4D9D91B917D9200637FB4 /* AppDelegate.swift */,
				4CD4D9DB1B917D9200637FB4 /* ViewController.swift */,
				4CD4D9DD1B917D9200637FB4 /* Main.storyboard */,
				4CD4D9E01B917D9300637FB4 /* Assets.xcassets */,
				4CD4D9E21B917D9300637FB4 /* LaunchScreen.storyboard */,
				4CD4D9E51B917D9300637FB4 /* Info.plist */,
			);
			path = "Is Prime";
			sourceTree = "<group>";
		};
/* End PBXGroup section */

/* Begin PBXNativeTarget section */
		4CD4D9D51B917D9200637FB4 /* Is Prime */ = {
			isa = PBXNativeTarget;
			buildConfigurationList = 4CD4D9E81B917D9300637FB4 /* Build configuration list for PBXNativeTarget "Is Prime" */;
			buildPhases = (
				4CD4D9D21B917D9200637FB4 /* Sources */,
				4CD4D9D31B917D9200637FB4 /* Frameworks */,
				4CD4D9D41B917D9200637FB4 /* Resources */,
			);
			buildRules = (
			);
			dependencies = (
			);
			name = "Is Prime";
			productName = "Is Prime";
			productReference = 4CD4D9D61B917D9200637FB4 /* Is Prime.app */;
			productType = "com.apple.product-type.application";
		};
/* End PBXNativeTarget section */

/* Begin PBXProject section */
		4CD4D9CE1B917D9200637FB4 /* Project object */ = {
			isa = PBXProject;
			attributes = {
				LastUpgradeCheck = 0700;
				ORGANIZATIONNAME = "Tin Vo";
				TargetAttributes = {
					4CD4D9D51B917D9200637FB4 = {
						CreatedOnToolsVersion = 7.0;
						DevelopmentTeam = 76SZ5KGJ7K;
					};
				};
			};
			buildConfigurationList = 4CD4D9D11B917D9200637FB4 /* Build configuration list for PBXProject "Is Prime" */;
			compatibilityVersion = "Xcode 3.2";
			developmentRegion = English;
			hasScannedForEncodings = 0;
			knownRegions = (
				en,
				Base,
			);
			mainGroup = 4CD4D9CD1B917D9200637FB4;
			productRefGroup = 4CD4D9D71B917D9200637FB4 /* Products */;
			projectDirPath = "";
			projectRoot = "";
			targets = (
				4CD4D9D51B917D9200637FB4 /* Is Prime */,
			);
		};
/* End PBXProject section */

/* Begin PBXResourcesBuildPhase section */
		4CD4D9D41B917D9200637FB4 /* Resources */ = {
			isa = PBXResourcesBuildPhase;
			buildActionMask = 2147483647;
			files = (
				4CD4D9E41B917D9300637FB4 /* LaunchScreen.storyboard in Resources */,
				4CD4D9E11B917D9300637FB4 /* Assets.xcassets in Resources */,
				4CD4D9DF1B917D9200637FB4 /* Main.storyboard in Resources */,
			);
			runOnlyForDeploymentPostprocessing = 0;
		};
/* End PBXResourcesBuildPhase section */

/* Begin PBXSourcesBuildPhase section */
		4CD4D9D21B917D9200637FB4 /* Sources */ = {
			isa = PBXSourcesBuildPhase;
			buildActionMask = 2147483647;
			files = (
				4CD4D9DC1B917D9200637FB4 /* ViewController.swift in Sources */,
				4CD4D9DA1B917D9200637FB4 /* AppDelegate.swift in Sources */,
			);
			runOnlyForDeploymentPostprocessing = 0;
		};
/* End PBXSourcesBuildPhase section */

/* Begin PBXVariantGroup section */
		4CD4D9DD1B917D9200637FB4 /* Main.storyboard */ = {
			isa = PBXVariantGroup;
			children = (
				4CD4D9DE1B917D9200637FB4 /* Base */,
			);
			name = Main.storyboard;
			sourceTree = "<group>";
		};
		4CD4D9E21B917D9300637FB4 /* LaunchScreen.storyboard */ = {
			isa = PBXVariantGroup;
			children = (
				4CD4D9E31B917D9300637FB4 /* Base */,
			);
			name = LaunchScreen.storyboard;
			sourceTree = "<group>";
		};
/* End PBXVariantGroup section */

/* Begin XCBuildConfiguration section */
		4CD4D9E61B917D9300637FB4 /* Debug */ = {
			isa = XCBuildConfiguration;
			buildSettings = {
				ALWAYS_SEARCH_USER_PATHS = NO;
				CLANG_CXX_LANGUAGE_STANDARD = "gnu++0x";
				CLANG_CXX_LIBRARY = "libc++";
				CLANG_ENABLE_MODULES = YES;
				CLANG_ENABLE_OBJC_ARC = YES;
				CLANG_WARN_BOOL_CONVERSION = YES;
				CLANG_WARN_CONSTANT_CONVERSION = YES;
				CLANG_WARN_DIRECT_OBJC_ISA_USAGE = YES_ERROR;
				CLANG_WARN_EMPTY_BODY = YES;
				CLANG_WARN_ENUM_CONVERSION = YES;
				CLANG_WARN_INT_CONVERSION = YES;
				CLANG_WARN_OBJC_ROOT_CLASS = YES_ERROR;
				CLANG_WARN_UNREACHABLE_CODE = YES;
				CLANG_WARN__DUPLICATE_METHOD_MATCH = YES;
				"CODE_SIGN_IDENTITY[sdk=iphoneos*]" = "iPhone Developer";
				COPY_PHASE_STRIP = NO;
				DEBUG_INFORMATION_FORMAT = dwarf;
				ENABLE_STRICT_OBJC_MSGSEND = YES;
				ENABLE_TESTABILITY = YES;
				GCC_C_LANGUAGE_STANDARD = gnu99;
				GCC_DYNAMIC_NO_PIC = NO;
				GCC_NO_COMMON_BLOCKS = YES;
				GCC_OPTIMIZATION_LEVEL = 0;
				GCC_PREPROCESSOR_DEFINITIONS = (
					"DEBUG=1",
					"$(inherited)",
				);
				GCC_WARN_64_TO_32_BIT_CONVERSION = YES;
				GCC_WARN_ABOUT_RETURN_TYPE = YES_ERROR;
				GCC_WARN_UNDECLARED_SELECTOR = YES;
				GCC_WARN_UNINITIALIZED_AUTOS = YES_AGGRESSIVE;
				GCC_WARN_UNUSED_FUNCTION = YES;
				GCC_WARN_UNUSED_VARIABLE = YES;
				IPHONEOS_DEPLOYMENT_TARGET = 9.0;
				MTL_ENABLE_DEBUG_INFO = YES;
				ONLY_ACTIVE_ARCH = YES;
				SDKROOT = iphoneos;
				SWIFT_OPTIMIZATION_LEVEL = "-Onone";
			};
			name = Debug;
		};
		4CD4D9E71B917D9300637FB4 /* Release */ = {
			isa = XCBuildConfiguration;
			buildSettings = {
				ALWAYS_SEARCH_USER_PATHS = NO;
				CLANG_CXX_LANGUAGE_STANDARD = "gnu++0x";
				CLANG_CXX_LIBRARY = "libc++";
				CLANG_ENABLE_MODULES = YES;
				CLANG_ENABLE_OBJC_ARC = YES;
				CLANG_WARN_BOOL_CONVERSION = YES;
				CLANG_WARN_CONSTANT_CONVERSION = YES;
				CLANG_WARN_DIRECT_OBJC_ISA_USAGE = YES_ERROR;
				CLANG_WARN_EMPTY_BODY = YES;
				CLANG_WARN_ENUM_CONVERSION = YES;
				CLANG_WARN_INT_CONVERSION = YES;
				CLANG_WARN_OBJC_ROOT_CLASS = YES_ERROR;
				CLANG_WARN_UNREACHABLE_CODE = YES;
				CLANG_WARN__DUPLICATE_METHOD_MATCH = YES;
				"CODE_SIGN_IDENTITY[sdk=iphoneos*]" = "iPhone Developer";
				COPY_PHASE_STRIP = NO;
				DEBUG_INFORMATION_FORMAT = "dwarf-with-dsym";
				ENABLE_NS_ASSERTIONS = NO;
				ENABLE_STRICT_OBJC_MSGSEND = YES;
				GCC_C_LANGUAGE_STANDARD = gnu99;
				GCC_NO_COMMON_BLOCKS = YES;
				GCC_WARN_64_TO_32_BIT_CONVERSION = YES;
				GCC_WARN_ABOUT_RETURN_TYPE = YES_ERROR;
				GCC_WARN_UNDECLARED_SELECTOR = YES;
				GCC_WARN_UNINITIALIZED_AUTOS = YES_AGGRESSIVE;
				GCC_WARN_UNUSED_FUNCTION = YES;
				GCC_WARN_UNUSED_VARIABLE = YES;
				IPHONEOS_DEPLOYMENT_TARGET = 9.0;
				MTL_ENABLE_DEBUG_INFO = NO;
				SDKROOT = iphoneos;
				VALIDATE_PRODUCT = YES;
			};
			name = Release;
		};
		4CD4D9E91B917D9300637FB4 /* Debug */ = {
			isa = XCBuildConfiguration;
			buildSettings = {
				ASSETCATALOG_COMPILER_APPICON_NAME = AppIcon;
				INFOPLIST_FILE = "Is Prime/Info.plist";
				LD_RUNPATH_SEARCH_PATHS = "$(inherited) @executable_path/Frameworks";
				PRODUCT_BUNDLE_IDENTIFIER = "edu.self.Is-Prime";
				PRODUCT_NAME = "$(TARGET_NAME)";
			};
			name = Debug;
		};
		4CD4D9EA1B917D9300637FB4 /* Release */ = {
			isa = XCBuildConfiguration;
			buildSettings = {
				ASSETCATALOG_COMPILER_APPICON_NAME = AppIcon;
				INFOPLIST_FILE = "Is Prime/Info.plist";
				LD_RUNPATH_SEARCH_PATHS = "$(inherited) @executable_path/Frameworks";
				PRODUCT_BUNDLE_IDENTIFIER = "edu.self.Is-Prime";
				PRODUCT_NAME = "$(TARGET_NAME)";
			};
			name = Release;
		};
/* End XCBuildConfiguration section */

/* Begin XCConfigurationList section */
		4CD4D9D11B917D9200637FB4 /* Build configuration list for PBXProject "Is Prime" */ = {
			isa = XCConfigurationList;
			buildConfigurations = (
				4CD4D9E61B917D9300637FB4 /* Debug */,
				4CD4D9E71B917D9300637FB4 /* Release */,
			);
			defaultConfigurationIsVisible = 0;
			defaultConfigurationName = Release;
		};
		4CD4D9E81B917D9300637FB4 /* Build configuration list for PBXNativeTarget "Is Prime" */ = {
			isa = XCConfigurationList;
			buildConfigurations = (
				4CD4D9E91B917D9300637FB4 /* Debug */,
				4CD4D9EA1B917D9300637FB4 /* Release */,
			);
			defaultConfigurationIsVisible = 0;
		};
/* End XCConfigurationList section */
	};
	rootObject = 4CD4D9CE1B917D9200637FB4 /* Project object */;
}
